
Microsoft Visual Studio Solution File, Format Version 12.00
# Visual Studio 15
VisualStudioVersion = 15.0.28307.902
MinimumVisualStudioVersion = 10.0.40219.1
Project("{FAE04EC0-301F-11D3-BF4B-00C04F79EFBC}") = "ConsumeWepAPI", "ConsumeWepAPI\ConsumeWepAPI.csproj", "{D57802D1-C611-4538-BB3F-F421B5EF2698}"
EndProject
Global
	GlobalSection(SolutionConfigurationPlatforms) = preSolution
		Debug|Any CPU = Debug|Any CPU
		Release|Any CPU = Release|Any CPU
	EndGlobalSection
	GlobalSection(ProjectConfigurationPlatforms) = postSolution
		{D57802D1-C611-4538-BB3F-F421B5EF2698}.Debug|Any CPU.ActiveCfg = Debug|Any CPU
		{D57802D1-C611-4538-BB3F-F421B5EF2698}.Debug|Any CPU.Build.0 = Debug|Any CPU
		{D57802D1-C611-4538-BB3F-F421B5EF2698}.Release|Any CPU.ActiveCfg = Release|Any CPU
		{D57802D1-C611-4538-BB3F-F421B5EF2698}.Release|Any CPU.Build.0 = Release|Any CPU
	EndGlobalSection
	GlobalSection(SolutionProperties) = preSolution
		HideSolutionNode = FALSE
	EndGlobalSection
	GlobalSection(ExtensibilityGlobals) = postSolution
		SolutionGuid = {E1C2C336-ABF6-441F-A4AA-DC738202A443}
	EndGlobalSection
EndGlobal
